{
  "name": "csvread",
  "version": "1.0.0",
  "lockfileVersion": 3,
  "requires": true,
  "packages": {
    "": {
      "name": "csvread",
      "version": "1.0.0",
      "license": "ISC",
      "dependencies": {
        "as-table": "^1.0.55",
        "colors": "^1.4.0"
      }
    },
    "node_modules/as-table": {
      "version": "1.0.55",
      "resolved": "https://registry.npmjs.org/as-table/-/as-table-1.0.55.tgz",
      "integrity": "sha512-xvsWESUJn0JN421Xb9MQw6AsMHRCUknCe0Wjlxvjud80mU4E6hQf1A6NzQKcYNmYw62MfzEtXc+badstZP3JpQ==",
      "dependencies": {
        "printable-characters": "^1.0.42"
      }
    },
    "node_modules/colors": {
      "version": "1.4.0",
      "resolved": "https://registry.npmjs.org/colors/-/colors-1.4.0.tgz",
      "integrity": "sha512-a+UqTh4kgZg/SlGvfbzDHpgRu7AAQOmmqRHJnxhRZICKFUT91brVhNNt58CMWU9PsBbv3PDCZUHbVxuDiH2mtA==",
      "engines": {
        "node": ">=0.1.90"
      }
    },
    "node_modules/printable-characters": {
      "version": "1.0.42",
      "resolved": "https://registry.npmjs.org/printable-characters/-/printable-characters-1.0.42.tgz",
      "integrity": "sha512-dKp+C4iXWK4vVYZmYSd0KBH5F/h1HoZRsbJ82AVKRO3PEo8L4lBS/vLwhVtpwwuYcoIsVY+1JYKR268yn480uQ=="
    }
  }
}
